// !$*UTF8*$!
{
	archiveVersion = 1;
	classes = {
	};
	objectVersion = 77;
	objects = {

/* Begin PBXBuildFile section */
		DCA2E3D8531E833E50C6060A /* KeyboardShortcuts in Frameworks */ = {isa = PBXBuildFile; productRef = 8AA77468265106C2C5CC3AD1 /* KeyboardShortcuts */; };
		EAA7D200BCFEE6B133E15D15 /* SelectTTSKit in Frameworks */ = {isa = PBXBuildFile; productRef = 1D615967F65F17315FBD181A /* SelectTTSKit */; };
		F3057CB9D0502A7B60DE53B0 /* SelectedTextKit in Frameworks */ = {isa = PBXBuildFile; productRef = 5B70AF92A281676FFC064D11 /* SelectedTextKit */; };
/* End PBXBuildFile section */

/* Begin PBXFileReference section */
		C4254C1845B2951DB02F5275 /* SelectTTSKit */ = {isa = PBXFileReference; lastKnownFileType = folder; name = SelectTTSKit; path = Packages/SelectTTSKit; sourceTree = SOURCE_ROOT; };
		FE9E4B9251A12A6FB22CD60E /* SelectTTS.app */ = {isa = PBXFileReference; explicitFileType = wrapper.application; includeInIndex = 0; path = SelectTTS.app; sourceTree = BUILT_PRODUCTS_DIR; };
/* End PBXFileReference section */

/* Begin PBXFileSystemSynchronizedBuildFileExceptionSet section */
		6C13120F63B8B22C2CC56B29 /* PBXFileSystemSynchronizedBuildFileExceptionSet */ = {
			isa = PBXFileSystemSynchronizedBuildFileExceptionSet;
			membershipExceptions = (
				Info.plist,
			);
			target = F933DC9EAFF2C702F8003A76 /* SelectTTS */;
		};
/* End PBXFileSystemSynchronizedBuildFileExceptionSet section */

/* Begin PBXFileSystemSynchronizedRootGroup section */
		CAF5B9EC89A5253A1EA5F5C0 /* App */ = {
			isa = PBXFileSystemSynchronizedRootGroup;
			exceptions = (
				6C13120F63B8B22C2CC56B29 /* PBXFileSystemSynchronizedBuildFileExceptionSet */,
			);
			explicitFileTypes = {
			};
			explicitFolders = (
			);
			path = App;
			sourceTree = "<group>";
		};
/* End PBXFileSystemSynchronizedRootGroup section */

/* Begin PBXFrameworksBuildPhase section */
		7EFA56CAE5F8A975982D25FF /* Frameworks */ = {
			isa = PBXFrameworksBuildPhase;
			buildActionMask = 2147483647;
			files = (
				EAA7D200BCFEE6B133E15D15 /* SelectTTSKit in Frameworks */,
				F3057CB9D0502A7B60DE53B0 /* SelectedTextKit in Frameworks */,
				DCA2E3D8531E833E50C6060A /* KeyboardShortcuts in Frameworks */,
			);
			runOnlyForDeploymentPostprocessing = 0;
		};
/* End PBXFrameworksBuildPhase section */

/* Begin PBXGroup section */
		07A205C163FEEF573E010AC5 /* Products */ = {
			isa = PBXGroup;
			children = (
				FE9E4B9251A12A6FB22CD60E /* SelectTTS.app */,
			);
			name = Products;
			sourceTree = "<group>";
		};
		5F2198AC673A7A704AFF0F88 = {
			isa = PBXGroup;
			children = (
				CAF5B9EC89A5253A1EA5F5C0 /* App */,
				85322730E00F5B3497175C81 /* Packages */,
				07A205C163FEEF573E010AC5 /* Products */,
			);
			sourceTree = "<group>";
		};
		85322730E00F5B3497175C81 /* Packages */ = {
			isa = PBXGroup;
			children = (
				C4254C1845B2951DB02F5275 /* SelectTTSKit */,
			);
			path = Packages;
			sourceTree = "<group>";
		};
/* End PBXGroup section */

/* Begin PBXNativeTarget section */
		F933DC9EAFF2C702F8003A76 /* SelectTTS */ = {
			isa = PBXNativeTarget;
			buildConfigurationList = 4CA501A6CFDF818A22B3C231 /* Build configuration list for PBXNativeTarget "SelectTTS" */;
			buildPhases = (
				9DE25590B47FF94306D6C32D /* Sources */,
				4014BE1991C36BFD83A75F3B /* Resources */,
				7EFA56CAE5F8A975982D25FF /* Frameworks */,
			);
			buildRules = (
			);
			dependencies = (
			);
			fileSystemSynchronizedGroups = (
				CAF5B9EC89A5253A1EA5F5C0 /* App */,
			);
			name = SelectTTS;
			packageProductDependencies = (
				1D615967F65F17315FBD181A /* SelectTTSKit */,
				5B70AF92A281676FFC064D11 /* SelectedTextKit */,
				8AA77468265106C2C5CC3AD1 /* KeyboardShortcuts */,
			);
			productName = SelectTTS;
			productReference = FE9E4B9251A12A6FB22CD60E /* SelectTTS.app */;
			productType = "com.apple.product-type.application";
		};
/* End PBXNativeTarget section */

/* Begin PBXProject section */
		237AF2E625EBEE09A956EB5F /* Project object */ = {
			isa = PBXProject;
			attributes = {
				BuildIndependentTargetsInParallel = YES;
				LastUpgradeCheck = 1430;
				TargetAttributes = {
					F933DC9EAFF2C702F8003A76 = {
						DevelopmentTeam = 32G4QP7RFD;
						ProvisioningStyle = Automatic;
					};
				};
			};
			buildConfigurationList = A9D88FEA6FB5D3814D6CD48C /* Build configuration list for PBXProject "SelectTTS" */;
			developmentRegion = en;
			hasScannedForEncodings = 0;
			knownRegions = (
				Base,
				en,
			);
			mainGroup = 5F2198AC673A7A704AFF0F88;
			minimizedProjectReferenceProxies = 1;
			packageReferences = (
				C7F6751250CAB64E23BD14C8 /* XCRemoteSwiftPackageReference "KeyboardShortcuts" */,
				B7E3404DBDA35EA3FB2F5FAF /* XCRemoteSwiftPackageReference "SelectedTextKit" */,
				CAA3595B28A8D0DCA9006402 /* XCLocalSwiftPackageReference "Packages/SelectTTSKit" */,
			);
			preferredProjectObjectVersion = 77;
			productRefGroup = 07A205C163FEEF573E010AC5 /* Products */;
			projectDirPath = "";
			projectRoot = "";
			targets = (
				F933DC9EAFF2C702F8003A76 /* SelectTTS */,
			);
		};
/* End PBXProject section */

/* Begin PBXResourcesBuildPhase section */
		4014BE1991C36BFD83A75F3B /* Resources */ = {
			isa = PBXResourcesBuildPhase;
			buildActionMask = 2147483647;
			files = (
			);
			runOnlyForDeploymentPostprocessing = 0;
		};
/* End PBXResourcesBuildPhase section */

/* Begin PBXSourcesBuildPhase section */
		9DE25590B47FF94306D6C32D /* Sources */ = {
			isa = PBXSourcesBuildPhase;
			buildActionMask = 2147483647;
			files = (
			);
			runOnlyForDeploymentPostprocessing = 0;
		};
/* End PBXSourcesBuildPhase section */

/* Begin XCBuildConfiguration section */
		2E19E461CDA1B90E3F42FC98 /* Debug */ = {
			isa = XCBuildConfiguration;
			buildSettings = {
				ALWAYS_SEARCH_USER_PATHS = NO;
				CLANG_ANALYZER_NONNULL = YES;
				CLANG_ANALYZER_NUMBER_OBJECT_CONVERSION = YES_AGGRESSIVE;
				CLANG_CXX_LANGUAGE_STANDARD = "gnu++14";
				CLANG_CXX_LIBRARY = "libc++";
				CLANG_ENABLE_MODULES = YES;
				CLANG_ENABLE_OBJC_ARC = YES;
				CLANG_ENABLE_OBJC_WEAK = YES;
				CLANG_WARN_BLOCK_CAPTURE_AUTORELEASING = YES;
				CLANG_WARN_BOOL_CONVERSION = YES;
				CLANG_WARN_COMMA = YES;
				CLANG_WARN_CONSTANT_CONVERSION = YES;
				CLANG_WARN_DEPRECATED_OBJC_IMPLEMENTATIONS = YES;
				CLANG_WARN_DIRECT_OBJC_ISA_USAGE = YES_ERROR;
				CLANG_WARN_DOCUMENTATION_COMMENTS = YES;
				CLANG_WARN_EMPTY_BODY = YES;
				CLANG_WARN_ENUM_CONVERSION = YES;
				CLANG_WARN_INFINITE_RECURSION = YES;
				CLANG_WARN_INT_CONVERSION = YES;
				CLANG_WARN_NON_LITERAL_NULL_CONVERSION = YES;
				CLANG_WARN_OBJC_IMPLICIT_RETAIN_SELF = YES;
				CLANG_WARN_OBJC_LITERAL_CONVERSION = YES;
				CLANG_WARN_OBJC_ROOT_CLASS = YES_ERROR;
				CLANG_WARN_QUOTED_INCLUDE_IN_FRAMEWORK_HEADER = YES;
				CLANG_WARN_RANGE_LOOP_ANALYSIS = YES;
				CLANG_WARN_STRICT_PROTOTYPES = YES;
				CLANG_WARN_SUSPICIOUS_MOVE = YES;
				CLANG_WARN_UNGUARDED_AVAILABILITY = YES_AGGRESSIVE;
				CLANG_WARN_UNREACHABLE_CODE = YES;
				CLANG_WARN__DUPLICATE_METHOD_MATCH = YES;
				COPY_PHASE_STRIP = NO;
				CURRENT_PROJECT_VERSION = 1;
				DEBUG_INFORMATION_FORMAT = dwarf;
				DEVELOPMENT_TEAM = 32G4QP7RFD;
				ENABLE_STRICT_OBJC_MSGSEND = YES;
				ENABLE_TESTABILITY = YES;
				GCC_C_LANGUAGE_STANDARD = gnu11;
				GCC_DYNAMIC_NO_PIC = NO;
				GCC_NO_COMMON_BLOCKS = YES;
				GCC_OPTIMIZATION_LEVEL = 0;
				GCC_PREPROCESSOR_DEFINITIONS = (
					"$(inherited)",
					"DEBUG=1",
				);
				GCC_WARN_64_TO_32_BIT_CONVERSION = YES;
				GCC_WARN_ABOUT_RETURN_TYPE = YES_ERROR;
				GCC_WARN_UNDECLARED_SELECTOR = YES;
				GCC_WARN_UNINITIALIZED_AUTOS = YES_AGGRESSIVE;
				GCC_WARN_UNUSED_FUNCTION = YES;
				GCC_WARN_UNUSED_VARIABLE = YES;
				MACOSX_DEPLOYMENT_TARGET = 14.0;
				MARKETING_VERSION = 0.1.0;
				MTL_ENABLE_DEBUG_INFO = INCLUDE_SOURCE;
				MTL_FAST_MATH = YES;
				ONLY_ACTIVE_ARCH = YES;
				PRODUCT_NAME = "$(TARGET_NAME)";
				SDKROOT = macosx;
				SWIFT_ACTIVE_COMPILATION_CONDITIONS = DEBUG;
				SWIFT_OPTIMIZATION_LEVEL = "-Onone";
				SWIFT_VERSION = 5.9;
			};
			name = Debug;
		};
		428983566CD761774E0CF5A0 /* Release */ = {
			isa = XCBuildConfiguration;
			buildSettings = {
				ALWAYS_SEARCH_USER_PATHS = NO;
				CLANG_ANALYZER_NONNULL = YES;
				CLANG_ANALYZER_NUMBER_OBJECT_CONVERSION = YES_AGGRESSIVE;
				CLANG_CXX_LANGUAGE_STANDARD = "gnu++14";
				CLANG_CXX_LIBRARY = "libc++";
				CLANG_ENABLE_MODULES = YES;
				CLANG_ENABLE_OBJC_ARC = YES;
				CLANG_ENABLE_OBJC_WEAK = YES;
				CLANG_WARN_BLOCK_CAPTURE_AUTORELEASING = YES;
				CLANG_WARN_BOOL_CONVERSION = YES;
				CLANG_WARN_COMMA = YES;
				CLANG_WARN_CONSTANT_CONVERSION = YES;
				CLANG_WARN_DEPRECATED_OBJC_IMPLEMENTATIONS = YES;
				CLANG_WARN_DIRECT_OBJC_ISA_USAGE = YES_ERROR;
				CLANG_WARN_DOCUMENTATION_COMMENTS = YES;
				CLANG_WARN_EMPTY_BODY = YES;
				CLANG_WARN_ENUM_CONVERSION = YES;
				CLANG_WARN_INFINITE_RECURSION = YES;
				CLANG_WARN_INT_CONVERSION = YES;
				CLANG_WARN_NON_LITERAL_NULL_CONVERSION = YES;
				CLANG_WARN_OBJC_IMPLICIT_RETAIN_SELF = YES;
				CLANG_WARN_OBJC_LITERAL_CONVERSION = YES;
				CLANG_WARN_OBJC_ROOT_CLASS = YES_ERROR;
				CLANG_WARN_QUOTED_INCLUDE_IN_FRAMEWORK_HEADER = YES;
				CLANG_WARN_RANGE_LOOP_ANALYSIS = YES;
				CLANG_WARN_STRICT_PROTOTYPES = YES;
				CLANG_WARN_SUSPICIOUS_MOVE = YES;
				CLANG_WARN_UNGUARDED_AVAILABILITY = YES_AGGRESSIVE;
				CLANG_WARN_UNREACHABLE_CODE = YES;
				CLANG_WARN__DUPLICATE_METHOD_MATCH = YES;
				COPY_PHASE_STRIP = NO;
				CURRENT_PROJECT_VERSION = 1;
				DEBUG_INFORMATION_FORMAT = "dwarf-with-dsym";
				DEVELOPMENT_TEAM = 32G4QP7RFD;
				ENABLE_NS_ASSERTIONS = NO;
				ENABLE_STRICT_OBJC_MSGSEND = YES;
				GCC_C_LANGUAGE_STANDARD = gnu11;
				GCC_NO_COMMON_BLOCKS = YES;
				GCC_WARN_64_TO_32_BIT_CONVERSION = YES;
				GCC_WARN_ABOUT_RETURN_TYPE = YES_ERROR;
				GCC_WARN_UNDECLARED_SELECTOR = YES;
				GCC_WARN_UNINITIALIZED_AUTOS = YES_AGGRESSIVE;
				GCC_WARN_UNUSED_FUNCTION = YES;
				GCC_WARN_UNUSED_VARIABLE = YES;
				MACOSX_DEPLOYMENT_TARGET = 14.0;
				MARKETING_VERSION = 0.1.0;
				MTL_ENABLE_DEBUG_INFO = NO;
				MTL_FAST_MATH = YES;
				PRODUCT_NAME = "$(TARGET_NAME)";
				SDKROOT = macosx;
				SWIFT_COMPILATION_MODE = wholemodule;
				SWIFT_OPTIMIZATION_LEVEL = "-O";
				SWIFT_VERSION = 5.9;
			};
			name = Release;
		};
		AD532679BA54D9BF30107636 /* Debug */ = {
			isa = XCBuildConfiguration;
			buildSettings = {
				ASSETCATALOG_COMPILER_APPICON_NAME = AppIcon;
				CODE_SIGN_ENTITLEMENTS = App/SelectTTS.entitlements;
				CODE_SIGN_STYLE = Automatic;
				COMBINE_HIDPI_IMAGES = YES;
				DEAD_CODE_STRIPPING = YES;
				ENABLE_HARDENED_RUNTIME = NO;
				ENABLE_USER_SCRIPT_SANDBOXING = YES;
				GENERATE_INFOPLIST_FILE = NO;
				INFOPLIST_FILE = App/Info.plist;
				LD_RUNPATH_SEARCH_PATHS = (
					"$(inherited)",
					"@executable_path/../Frameworks",
				);
				PRODUCT_BUNDLE_IDENTIFIER = com.selecttts.app;
				PRODUCT_NAME = SelectTTS;
				SDKROOT = macosx;
				SWIFT_STRICT_CONCURRENCY = minimal;
			};
			name = Debug;
		};
		EF6252E83D93E75B16D2B70B /* Release */ = {
			isa = XCBuildConfiguration;
			buildSettings = {
				ASSETCATALOG_COMPILER_APPICON_NAME = AppIcon;
				CODE_SIGN_ENTITLEMENTS = App/SelectTTS.entitlements;
				CODE_SIGN_STYLE = Automatic;
				COMBINE_HIDPI_IMAGES = YES;
				DEAD_CODE_STRIPPING = YES;
				ENABLE_HARDENED_RUNTIME = NO;
				ENABLE_USER_SCRIPT_SANDBOXING = YES;
				GENERATE_INFOPLIST_FILE = NO;
				INFOPLIST_FILE = App/Info.plist;
				LD_RUNPATH_SEARCH_PATHS = (
					"$(inherited)",
					"@executable_path/../Frameworks",
				);
				PRODUCT_BUNDLE_IDENTIFIER = com.selecttts.app;
				PRODUCT_NAME = SelectTTS;
				SDKROOT = macosx;
				SWIFT_STRICT_CONCURRENCY = minimal;
			};
			name = Release;
		};
/* End XCBuildConfiguration section */

/* Begin XCConfigurationList section */
		4CA501A6CFDF818A22B3C231 /* Build configuration list for PBXNativeTarget "SelectTTS" */ = {
			isa = XCConfigurationList;
			buildConfigurations = (
				AD532679BA54D9BF30107636 /* Debug */,
				EF6252E83D93E75B16D2B70B /* Release */,
			);
			defaultConfigurationIsVisible = 0;
			defaultConfigurationName = Debug;
		};
		A9D88FEA6FB5D3814D6CD48C /* Build configuration list for PBXProject "SelectTTS" */ = {
			isa = XCConfigurationList;
			buildConfigurations = (
				2E19E461CDA1B90E3F42FC98 /* Debug */,
				428983566CD761774E0CF5A0 /* Release */,
			);
			defaultConfigurationIsVisible = 0;
			defaultConfigurationName = Debug;
		};
/* End XCConfigurationList section */

/* Begin XCLocalSwiftPackageReference section */
		CAA3595B28A8D0DCA9006402 /* XCLocalSwiftPackageReference "Packages/SelectTTSKit" */ = {
			isa = XCLocalSwiftPackageReference;
			relativePath = Packages/SelectTTSKit;
		};
/* End XCLocalSwiftPackageReference section */

/* Begin XCRemoteSwiftPackageReference section */
		B7E3404DBDA35EA3FB2F5FAF /* XCRemoteSwiftPackageReference "SelectedTextKit" */ = {
			isa = XCRemoteSwiftPackageReference;
			repositoryURL = "https://github.com/tisfeng/SelectedTextKit.git";
			requirement = {
				kind = upToNextMajorVersion;
				minimumVersion = 2.0.0;
			};
		};
		C7F6751250CAB64E23BD14C8 /* XCRemoteSwiftPackageReference "KeyboardShortcuts" */ = {
			isa = XCRemoteSwiftPackageReference;
			repositoryURL = "https://github.com/sindresorhus/KeyboardShortcuts.git";
			requirement = {
				kind = upToNextMajorVersion;
				minimumVersion = 2.0.0;
			};
		};
/* End XCRemoteSwiftPackageReference section */

/* Begin XCSwiftPackageProductDependency section */
		1D615967F65F17315FBD181A /* SelectTTSKit */ = {
			isa = XCSwiftPackageProductDependency;
			productName = SelectTTSKit;
		};
		5B70AF92A281676FFC064D11 /* SelectedTextKit */ = {
			isa = XCSwiftPackageProductDependency;
			package = B7E3404DBDA35EA3FB2F5FAF /* XCRemoteSwiftPackageReference "SelectedTextKit" */;
			productName = SelectedTextKit;
		};
		8AA77468265106C2C5CC3AD1 /* KeyboardShortcuts */ = {
			isa = XCSwiftPackageProductDependency;
			package = C7F6751250CAB64E23BD14C8 /* XCRemoteSwiftPackageReference "KeyboardShortcuts" */;
			productName = KeyboardShortcuts;
		};
/* End XCSwiftPackageProductDependency section */
	};
	rootObject = 237AF2E625EBEE09A956EB5F /* Project object */;
}
